
Microsoft Visual Studio Solution File, Format Version 12.00
# Visual Studio 15
VisualStudioVersion = 15.0.26124.0
MinimumVisualStudioVersion = 15.0.26124.0
Project("{FAE04EC0-301F-11D3-BF4B-00C04F79EFBC}") = "GGsUI", "GGsUI\GGsUI.csproj", "{19B2A44B-10A6-4589-9145-0D7235837DC5}"
EndProject
Project("{FAE04EC0-301F-11D3-BF4B-00C04F79EFBC}") = "GGsLib", "GGsLib\GGsLib.csproj", "{E307B1D1-5F30-454C-BD15-F76D00CB07C0}"
EndProject
Project("{FAE04EC0-301F-11D3-BF4B-00C04F79EFBC}") = "GGsBL", "GGsBL\GGsBL.csproj", "{0612ABFE-969B-4A4C-8BB7-C43B0B5310D1}"
EndProject
Project("{FAE04EC0-301F-11D3-BF4B-00C04F79EFBC}") = "GGsDB", "GGsDB\GGsDB.csproj", "{74908899-A666-48EA-90BD-6996BE6A00DA}"
EndProject
Global
	GlobalSection(SolutionConfigurationPlatforms) = preSolution
		Debug|Any CPU = Debug|Any CPU
		Debug|x64 = Debug|x64
		Debug|x86 = Debug|x86
		Release|Any CPU = Release|Any CPU
		Release|x64 = Release|x64
		Release|x86 = Release|x86
	EndGlobalSection
	GlobalSection(SolutionProperties) = preSolution
		HideSolutionNode = FALSE
	EndGlobalSection
	GlobalSection(ProjectConfigurationPlatforms) = postSolution
		{19B2A44B-10A6-4589-9145-0D7235837DC5}.Debug|Any CPU.ActiveCfg = Debug|Any CPU
		{19B2A44B-10A6-4589-9145-0D7235837DC5}.Debug|Any CPU.Build.0 = Debug|Any CPU
		{19B2A44B-10A6-4589-9145-0D7235837DC5}.Debug|x64.ActiveCfg = Debug|Any CPU
		{19B2A44B-10A6-4589-9145-0D7235837DC5}.Debug|x64.Build.0 = Debug|Any CPU
		{19B2A44B-10A6-4589-9145-0D7235837DC5}.Debug|x86.ActiveCfg = Debug|Any CPU
		{19B2A44B-10A6-4589-9145-0D7235837DC5}.Debug|x86.Build.0 = Debug|Any CPU
		{19B2A44B-10A6-4589-9145-0D7235837DC5}.Release|Any CPU.ActiveCfg = Release|Any CPU
		{19B2A44B-10A6-4589-9145-0D7235837DC5}.Release|Any CPU.Build.0 = Release|Any CPU
		{19B2A44B-10A6-4589-9145-0D7235837DC5}.Release|x64.ActiveCfg = Release|Any CPU
		{19B2A44B-10A6-4589-9145-0D7235837DC5}.Release|x64.Build.0 = Release|Any CPU
		{19B2A44B-10A6-4589-9145-0D7235837DC5}.Release|x86.ActiveCfg = Release|Any CPU
		{19B2A44B-10A6-4589-9145-0D7235837DC5}.Release|x86.Build.0 = Release|Any CPU
		{E307B1D1-5F30-454C-BD15-F76D00CB07C0}.Debug|Any CPU.ActiveCfg = Debug|Any CPU
		{E307B1D1-5F30-454C-BD15-F76D00CB07C0}.Debug|Any CPU.Build.0 = Debug|Any CPU
		{E307B1D1-5F30-454C-BD15-F76D00CB07C0}.Debug|x64.ActiveCfg = Debug|Any CPU
		{E307B1D1-5F30-454C-BD15-F76D00CB07C0}.Debug|x64.Build.0 = Debug|Any CPU
		{E307B1D1-5F30-454C-BD15-F76D00CB07C0}.Debug|x86.ActiveCfg = Debug|Any CPU
		{E307B1D1-5F30-454C-BD15-F76D00CB07C0}.Debug|x86.Build.0 = Debug|Any CPU
		{E307B1D1-5F30-454C-BD15-F76D00CB07C0}.Release|Any CPU.ActiveCfg = Release|Any CPU
		{E307B1D1-5F30-454C-BD15-F76D00CB07C0}.Release|Any CPU.Build.0 = Release|Any CPU
		{E307B1D1-5F30-454C-BD15-F76D00CB07C0}.Release|x64.ActiveCfg = Release|Any CPU
		{E307B1D1-5F30-454C-BD15-F76D00CB07C0}.Release|x64.Build.0 = Release|Any CPU
		{E307B1D1-5F30-454C-BD15-F76D00CB07C0}.Release|x86.ActiveCfg = Release|Any CPU
		{E307B1D1-5F30-454C-BD15-F76D00CB07C0}.Release|x86.Build.0 = Release|Any CPU
		{0612ABFE-969B-4A4C-8BB7-C43B0B5310D1}.Debug|Any CPU.ActiveCfg = Debug|Any CPU
		{0612ABFE-969B-4A4C-8BB7-C43B0B5310D1}.Debug|Any CPU.Build.0 = Debug|Any CPU
		{0612ABFE-969B-4A4C-8BB7-C43B0B5310D1}.Debug|x64.ActiveCfg = Debug|Any CPU
		{0612ABFE-969B-4A4C-8BB7-C43B0B5310D1}.Debug|x64.Build.0 = Debug|Any CPU
		{0612ABFE-969B-4A4C-8BB7-C43B0B5310D1}.Debug|x86.ActiveCfg = Debug|Any CPU
		{0612ABFE-969B-4A4C-8BB7-C43B0B5310D1}.Debug|x86.Build.0 = Debug|Any CPU
		{0612ABFE-969B-4A4C-8BB7-C43B0B5310D1}.Release|Any CPU.ActiveCfg = Release|Any CPU
		{0612ABFE-969B-4A4C-8BB7-C43B0B5310D1}.Release|Any CPU.Build.0 = Release|Any CPU
		{0612ABFE-969B-4A4C-8BB7-C43B0B5310D1}.Release|x64.ActiveCfg = Release|Any CPU
		{0612ABFE-969B-4A4C-8BB7-C43B0B5310D1}.Release|x64.Build.0 = Release|Any CPU
		{0612ABFE-969B-4A4C-8BB7-C43B0B5310D1}.Release|x86.ActiveCfg = Release|Any CPU
		{0612ABFE-969B-4A4C-8BB7-C43B0B5310D1}.Release|x86.Build.0 = Release|Any CPU
		{74908899-A666-48EA-90BD-6996BE6A00DA}.Debug|Any CPU.ActiveCfg = Debug|Any CPU
		{74908899-A666-48EA-90BD-6996BE6A00DA}.Debug|Any CPU.Build.0 = Debug|Any CPU
		{74908899-A666-48EA-90BD-6996BE6A00DA}.Debug|x64.ActiveCfg = Debug|Any CPU
		{74908899-A666-48EA-90BD-6996BE6A00DA}.Debug|x64.Build.0 = Debug|Any CPU
		{74908899-A666-48EA-90BD-6996BE6A00DA}.Debug|x86.ActiveCfg = Debug|Any CPU
		{74908899-A666-48EA-90BD-6996BE6A00DA}.Debug|x86.Build.0 = Debug|Any CPU
		{74908899-A666-48EA-90BD-6996BE6A00DA}.Release|Any CPU.ActiveCfg = Release|Any CPU
		{74908899-A666-48EA-90BD-6996BE6A00DA}.Release|Any CPU.Build.0 = Release|Any CPU
		{74908899-A666-48EA-90BD-6996BE6A00DA}.Release|x64.ActiveCfg = Release|Any CPU
		{74908899-A666-48EA-90BD-6996BE6A00DA}.Release|x64.Build.0 = Release|Any CPU
		{74908899-A666-48EA-90BD-6996BE6A00DA}.Release|x86.ActiveCfg = Release|Any CPU
		{74908899-A666-48EA-90BD-6996BE6A00DA}.Release|x86.Build.0 = Release|Any CPU
	EndGlobalSection
EndGlobal
